
Microsoft Visual Studio Solution File, Format Version 12.00
# Visual Studio Version 16
VisualStudioVersion = 25.0.1705.4
MinimumVisualStudioVersion = 10.0.40219.1
Project("{2150E333-8FDC-42A3-9474-1A3956D46DE8}") = "src", "src", "{FE6D0A4A-2636-4EC2-A5FC-BD862AE039EC}"
EndProject
Project("{2150E333-8FDC-42A3-9474-1A3956D46DE8}") = "Application", "Application", "{BB588745-8C98-4C89-ACBC-F9865BD8E14E}"
EndProject
Project("{2150E333-8FDC-42A3-9474-1A3956D46DE8}") = "WebUI", "WebUI", "{D725C391-828F-408D-89CE-E0AFF87DA5B4}"
EndProject
Project("{2150E333-8FDC-42A3-9474-1A3956D46DE8}") = "Domain", "Domain", "{6D973466-3007-4132-9FC9-E14F46D79995}"
EndProject
Project("{2150E333-8FDC-42A3-9474-1A3956D46DE8}") = "Infrastructure", "Infrastructure", "{ADB573BA-4724-4F9F-99D6-1F1DC8672DE7}"
EndProject
Project("{2150E333-8FDC-42A3-9474-1A3956D46DE8}") = "Core", "Core", "{96BA40CD-B220-45F2-A682-B5556A04737D}"
EndProject
Project("{FAE04EC0-301F-11D3-BF4B-00C04F79EFBC}") = "SurveyProject.DataTransferObjects", "Application\SurveyProject.DataTransferObjects\SurveyProject.DataTransferObjects.csproj", "{15CAFB99-BD92-4129-960A-4374C0D2511C}"
EndProject
Project("{FAE04EC0-301F-11D3-BF4B-00C04F79EFBC}") = "SurveyProject.Services", "Application\SurveyProject.Services\SurveyProject.Services.csproj", "{CE25C042-E103-4CBC-A4FA-24EDB5C3F772}"
EndProject
Project("{FAE04EC0-301F-11D3-BF4B-00C04F79EFBC}") = "SurveyProject.Core", "Core\SurveyProject.Core\SurveyProject.Core.csproj", "{3CD07E3B-C631-478A-823A-76CAD4907F75}"
EndProject
Project("{FAE04EC0-301F-11D3-BF4B-00C04F79EFBC}") = "SurveyProject.Entities", "Domain\SurveyProject.Entities\SurveyProject.Entities.csproj", "{3BFF050A-0772-49B6-B6B5-6ADC7D4C7F7C}"
EndProject
Project("{FAE04EC0-301F-11D3-BF4B-00C04F79EFBC}") = "SurveyProject.Infrastructure", "Infrastructure\SurveyProject.Infrastructure\SurveyProject.Infrastructure.csproj", "{52EF79DD-C56C-4B84-AC80-EA2C0A4D6D87}"
EndProject
Project("{FAE04EC0-301F-11D3-BF4B-00C04F79EFBC}") = "SurveyProject.Mvc", "WebUI\SurveyProject.Mvc\SurveyProject.Mvc.csproj", "{08BC5941-6E24-4F6A-8B02-0B55820883D7}"
EndProject
Project("{2150E333-8FDC-42A3-9474-1A3956D46DE8}") = "WebApi", "WebApi", "{C96989BA-03E5-49AF-8B3A-8BE74376AA8E}"
EndProject
Project("{FAE04EC0-301F-11D3-BF4B-00C04F79EFBC}") = "SurveyProject.WebApi", "WebApi\WebApi\SurveyProject.WebApi.csproj", "{B8A14C6C-8AE3-46B9-9CBB-D2A9052F4597}"
EndProject
Global
	GlobalSection(SolutionConfigurationPlatforms) = preSolution
		Debug|Any CPU = Debug|Any CPU
		Release|Any CPU = Release|Any CPU
	EndGlobalSection
	GlobalSection(ProjectConfigurationPlatforms) = postSolution
		{15CAFB99-BD92-4129-960A-4374C0D2511C}.Debug|Any CPU.ActiveCfg = Debug|Any CPU
		{15CAFB99-BD92-4129-960A-4374C0D2511C}.Debug|Any CPU.Build.0 = Debug|Any CPU
		{15CAFB99-BD92-4129-960A-4374C0D2511C}.Release|Any CPU.ActiveCfg = Release|Any CPU
		{15CAFB99-BD92-4129-960A-4374C0D2511C}.Release|Any CPU.Build.0 = Release|Any CPU
		{CE25C042-E103-4CBC-A4FA-24EDB5C3F772}.Debug|Any CPU.ActiveCfg = Debug|Any CPU
		{CE25C042-E103-4CBC-A4FA-24EDB5C3F772}.Debug|Any CPU.Build.0 = Debug|Any CPU
		{CE25C042-E103-4CBC-A4FA-24EDB5C3F772}.Release|Any CPU.ActiveCfg = Release|Any CPU
		{CE25C042-E103-4CBC-A4FA-24EDB5C3F772}.Release|Any CPU.Build.0 = Release|Any CPU
		{3CD07E3B-C631-478A-823A-76CAD4907F75}.Debug|Any CPU.ActiveCfg = Debug|Any CPU
		{3CD07E3B-C631-478A-823A-76CAD4907F75}.Debug|Any CPU.Build.0 = Debug|Any CPU
		{3CD07E3B-C631-478A-823A-76CAD4907F75}.Release|Any CPU.ActiveCfg = Release|Any CPU
		{3CD07E3B-C631-478A-823A-76CAD4907F75}.Release|Any CPU.Build.0 = Release|Any CPU
		{3BFF050A-0772-49B6-B6B5-6ADC7D4C7F7C}.Debug|Any CPU.ActiveCfg = Debug|Any CPU
		{3BFF050A-0772-49B6-B6B5-6ADC7D4C7F7C}.Debug|Any CPU.Build.0 = Debug|Any CPU
		{3BFF050A-0772-49B6-B6B5-6ADC7D4C7F7C}.Release|Any CPU.ActiveCfg = Release|Any CPU
		{3BFF050A-0772-49B6-B6B5-6ADC7D4C7F7C}.Release|Any CPU.Build.0 = Release|Any CPU
		{52EF79DD-C56C-4B84-AC80-EA2C0A4D6D87}.Debug|Any CPU.ActiveCfg = Debug|Any CPU
		{52EF79DD-C56C-4B84-AC80-EA2C0A4D6D87}.Debug|Any CPU.Build.0 = Debug|Any CPU
		{52EF79DD-C56C-4B84-AC80-EA2C0A4D6D87}.Release|Any CPU.ActiveCfg = Release|Any CPU
		{52EF79DD-C56C-4B84-AC80-EA2C0A4D6D87}.Release|Any CPU.Build.0 = Release|Any CPU
		{08BC5941-6E24-4F6A-8B02-0B55820883D7}.Debug|Any CPU.ActiveCfg = Debug|Any CPU
		{08BC5941-6E24-4F6A-8B02-0B55820883D7}.Debug|Any CPU.Build.0 = Debug|Any CPU
		{08BC5941-6E24-4F6A-8B02-0B55820883D7}.Release|Any CPU.ActiveCfg = Release|Any CPU
		{08BC5941-6E24-4F6A-8B02-0B55820883D7}.Release|Any CPU.Build.0 = Release|Any CPU
		{B8A14C6C-8AE3-46B9-9CBB-D2A9052F4597}.Debug|Any CPU.ActiveCfg = Debug|Any CPU
		{B8A14C6C-8AE3-46B9-9CBB-D2A9052F4597}.Debug|Any CPU.Build.0 = Debug|Any CPU
		{B8A14C6C-8AE3-46B9-9CBB-D2A9052F4597}.Release|Any CPU.ActiveCfg = Release|Any CPU
		{B8A14C6C-8AE3-46B9-9CBB-D2A9052F4597}.Release|Any CPU.Build.0 = Release|Any CPU
	EndGlobalSection
	GlobalSection(SolutionProperties) = preSolution
		HideSolutionNode = FALSE
	EndGlobalSection
	GlobalSection(ExtensibilityGlobals) = postSolution
		SolutionGuid = {C68FB2CB-F4A2-4C22-86CC-F00E99CBC0B1}
	EndGlobalSection
	GlobalSection(NestedProjects) = preSolution
		{BB588745-8C98-4C89-ACBC-F9865BD8E14E} = {FE6D0A4A-2636-4EC2-A5FC-BD862AE039EC}
		{D725C391-828F-408D-89CE-E0AFF87DA5B4} = {FE6D0A4A-2636-4EC2-A5FC-BD862AE039EC}
		{6D973466-3007-4132-9FC9-E14F46D79995} = {FE6D0A4A-2636-4EC2-A5FC-BD862AE039EC}
		{ADB573BA-4724-4F9F-99D6-1F1DC8672DE7} = {FE6D0A4A-2636-4EC2-A5FC-BD862AE039EC}
		{96BA40CD-B220-45F2-A682-B5556A04737D} = {FE6D0A4A-2636-4EC2-A5FC-BD862AE039EC}
		{15CAFB99-BD92-4129-960A-4374C0D2511C} = {BB588745-8C98-4C89-ACBC-F9865BD8E14E}
		{CE25C042-E103-4CBC-A4FA-24EDB5C3F772} = {BB588745-8C98-4C89-ACBC-F9865BD8E14E}
		{3CD07E3B-C631-478A-823A-76CAD4907F75} = {96BA40CD-B220-45F2-A682-B5556A04737D}
		{3BFF050A-0772-49B6-B6B5-6ADC7D4C7F7C} = {6D973466-3007-4132-9FC9-E14F46D79995}
		{52EF79DD-C56C-4B84-AC80-EA2C0A4D6D87} = {ADB573BA-4724-4F9F-99D6-1F1DC8672DE7}
		{08BC5941-6E24-4F6A-8B02-0B55820883D7} = {D725C391-828F-408D-89CE-E0AFF87DA5B4}
		{C96989BA-03E5-49AF-8B3A-8BE74376AA8E} = {FE6D0A4A-2636-4EC2-A5FC-BD862AE039EC}
		{B8A14C6C-8AE3-46B9-9CBB-D2A9052F4597} = {C96989BA-03E5-49AF-8B3A-8BE74376AA8E}
	EndGlobalSection
EndGlobal
